
Microsoft Visual Studio Solution File, Format Version 12.00
# Visual Studio Version 16
VisualStudioVersion = 16.0.29503.13
MinimumVisualStudioVersion = 10.0.40219.1
Project("{9A19103F-16F7-4668-BE54-9A1E7A4F7556}") = "MinnyCasinoAffiliate.FrontEnd", "MinnyCasinoAffiliate.FrontEnd\MinnyCasinoAffiliate.FrontEnd.csproj", "{148D19A8-9245-40A1-AC9A-0A9E816A8050}"
EndProject
Project("{9A19103F-16F7-4668-BE54-9A1E7A4F7556}") = "MinnyCasinoAffiliate.Wrapper", "MinnyCasinoAffiliate.Wrapper\MinnyCasinoAffiliate.Wrapper.csproj", "{3300A167-676E-4C47-B15C-D5565ADC4CF3}"
EndProject
Global
	GlobalSection(SolutionConfigurationPlatforms) = preSolution
		Debug|Any CPU = Debug|Any CPU
		Release|Any CPU = Release|Any CPU
	EndGlobalSection
	GlobalSection(ProjectConfigurationPlatforms) = postSolution
		{148D19A8-9245-40A1-AC9A-0A9E816A8050}.Debug|Any CPU.ActiveCfg = Debug|Any CPU
		{148D19A8-9245-40A1-AC9A-0A9E816A8050}.Debug|Any CPU.Build.0 = Debug|Any CPU
		{148D19A8-9245-40A1-AC9A-0A9E816A8050}.Release|Any CPU.ActiveCfg = Release|Any CPU
		{148D19A8-9245-40A1-AC9A-0A9E816A8050}.Release|Any CPU.Build.0 = Release|Any CPU
		{3300A167-676E-4C47-B15C-D5565ADC4CF3}.Debug|Any CPU.ActiveCfg = Debug|Any CPU
		{3300A167-676E-4C47-B15C-D5565ADC4CF3}.Debug|Any CPU.Build.0 = Debug|Any CPU
		{3300A167-676E-4C47-B15C-D5565ADC4CF3}.Release|Any CPU.ActiveCfg = Release|Any CPU
		{3300A167-676E-4C47-B15C-D5565ADC4CF3}.Release|Any CPU.Build.0 = Release|Any CPU
	EndGlobalSection
	GlobalSection(SolutionProperties) = preSolution
		HideSolutionNode = FALSE
	EndGlobalSection
	GlobalSection(ExtensibilityGlobals) = postSolution
		SolutionGuid = {3DBC26F3-A5B1-4AAA-BE7F-0168B21377DD}
	EndGlobalSection
EndGlobal
